
Microsoft Visual Studio Solution File, Format Version 12.00
# Visual Studio 15
VisualStudioVersion = 15.0.28307.572
MinimumVisualStudioVersion = 10.0.40219.1
Project("{FAE04EC0-301F-11D3-BF4B-00C04F79EFBC}") = "SmartAds", "SmartAds\SmartAds.csproj", "{7E995FB1-DDF5-4D95-B0AE-9C90D91BFC73}"
EndProject
Project("{FAE04EC0-301F-11D3-BF4B-00C04F79EFBC}") = "SmartAdsDesktop", "SmartAdsDesktop\SmartAdsDesktop.csproj", "{4E86409B-3968-4CD9-BD58-9AAD0362B028}"
EndProject
Project("{9092AA53-FB77-4645-B42D-1CCCA6BD08BD}") = "FirebaseCloud", "FirebaseCloud\FirebaseCloud.njsproj", "{B0A6E8CD-C1A3-40FD-A467-595A731B5B00}"
EndProject
Global
	GlobalSection(SolutionConfigurationPlatforms) = preSolution
		Debug|Any CPU = Debug|Any CPU
		Release|Any CPU = Release|Any CPU
	EndGlobalSection
	GlobalSection(ProjectConfigurationPlatforms) = postSolution
		{7E995FB1-DDF5-4D95-B0AE-9C90D91BFC73}.Debug|Any CPU.ActiveCfg = Debug|Any CPU
		{7E995FB1-DDF5-4D95-B0AE-9C90D91BFC73}.Debug|Any CPU.Build.0 = Debug|Any CPU
		{7E995FB1-DDF5-4D95-B0AE-9C90D91BFC73}.Debug|Any CPU.Deploy.0 = Debug|Any CPU
		{7E995FB1-DDF5-4D95-B0AE-9C90D91BFC73}.Release|Any CPU.ActiveCfg = Release|Any CPU
		{7E995FB1-DDF5-4D95-B0AE-9C90D91BFC73}.Release|Any CPU.Build.0 = Release|Any CPU
		{7E995FB1-DDF5-4D95-B0AE-9C90D91BFC73}.Release|Any CPU.Deploy.0 = Release|Any CPU
		{4E86409B-3968-4CD9-BD58-9AAD0362B028}.Debug|Any CPU.ActiveCfg = Debug|Any CPU
		{4E86409B-3968-4CD9-BD58-9AAD0362B028}.Debug|Any CPU.Build.0 = Debug|Any CPU
		{4E86409B-3968-4CD9-BD58-9AAD0362B028}.Release|Any CPU.ActiveCfg = Release|Any CPU
		{4E86409B-3968-4CD9-BD58-9AAD0362B028}.Release|Any CPU.Build.0 = Release|Any CPU
		{B0A6E8CD-C1A3-40FD-A467-595A731B5B00}.Debug|Any CPU.ActiveCfg = Debug|Any CPU
		{B0A6E8CD-C1A3-40FD-A467-595A731B5B00}.Debug|Any CPU.Build.0 = Debug|Any CPU
		{B0A6E8CD-C1A3-40FD-A467-595A731B5B00}.Release|Any CPU.ActiveCfg = Release|Any CPU
		{B0A6E8CD-C1A3-40FD-A467-595A731B5B00}.Release|Any CPU.Build.0 = Release|Any CPU
	EndGlobalSection
	GlobalSection(SolutionProperties) = preSolution
		HideSolutionNode = FALSE
	EndGlobalSection
	GlobalSection(ExtensibilityGlobals) = postSolution
		SolutionGuid = {66C2EE62-E559-452B-BA69-162230B07F08}
	EndGlobalSection
EndGlobal
